
Microsoft Visual Studio Solution File, Format Version 12.00
# Visual Studio Version 17
VisualStudioVersion = 17.3.32929.385
MinimumVisualStudioVersion = 10.0.40219.1
Project("{FAE04EC0-301F-11D3-BF4B-00C04F79EFBC}") = "TPLforOlha", "TPLforOlha\TPLforOlha.csproj", "{4AE685A8-9937-4636-81C1-E937D9AF9FF7}"
EndProject
Global
	GlobalSection(SolutionConfigurationPlatforms) = preSolution
		Debug|Any CPU = Debug|Any CPU
		Release|Any CPU = Release|Any CPU
	EndGlobalSection
	GlobalSection(ProjectConfigurationPlatforms) = postSolution
		{4AE685A8-9937-4636-81C1-E937D9AF9FF7}.Debug|Any CPU.ActiveCfg = Debug|Any CPU
		{4AE685A8-9937-4636-81C1-E937D9AF9FF7}.Debug|Any CPU.Build.0 = Debug|Any CPU
		{4AE685A8-9937-4636-81C1-E937D9AF9FF7}.Release|Any CPU.ActiveCfg = Release|Any CPU
		{4AE685A8-9937-4636-81C1-E937D9AF9FF7}.Release|Any CPU.Build.0 = Release|Any CPU
	EndGlobalSection
	GlobalSection(SolutionProperties) = preSolution
		HideSolutionNode = FALSE
	EndGlobalSection
	GlobalSection(ExtensibilityGlobals) = postSolution
		SolutionGuid = {5E207D96-8522-4881-A418-9D41E7E00118}
	EndGlobalSection
EndGlobal
